
Microsoft Visual Studio Solution File, Format Version 12.00
# Visual Studio Version 17
VisualStudioVersion = 17.5.002.0
MinimumVisualStudioVersion = 10.0.40219.1
Project("{9A19103F-16F7-4668-BE54-9A1E7A4F7556}") = "Task 1", "Task 1\Task 1.csproj", "{15EA2FD7-C442-4FFA-8369-8AD1A175A4CD}"
EndProject
Project("{9A19103F-16F7-4668-BE54-9A1E7A4F7556}") = "Task 2", "Task 2\Task 2.csproj", "{5C206ACB-29A6-4405-8625-4175E6E45691}"
EndProject
Global
	GlobalSection(SolutionConfigurationPlatforms) = preSolution
		Debug|Any CPU = Debug|Any CPU
		Release|Any CPU = Release|Any CPU
	EndGlobalSection
	GlobalSection(ProjectConfigurationPlatforms) = postSolution
		{15EA2FD7-C442-4FFA-8369-8AD1A175A4CD}.Debug|Any CPU.ActiveCfg = Debug|Any CPU
		{15EA2FD7-C442-4FFA-8369-8AD1A175A4CD}.Debug|Any CPU.Build.0 = Debug|Any CPU
		{15EA2FD7-C442-4FFA-8369-8AD1A175A4CD}.Release|Any CPU.ActiveCfg = Release|Any CPU
		{15EA2FD7-C442-4FFA-8369-8AD1A175A4CD}.Release|Any CPU.Build.0 = Release|Any CPU
		{5C206ACB-29A6-4405-8625-4175E6E45691}.Debug|Any CPU.ActiveCfg = Debug|Any CPU
		{5C206ACB-29A6-4405-8625-4175E6E45691}.Debug|Any CPU.Build.0 = Debug|Any CPU
		{5C206ACB-29A6-4405-8625-4175E6E45691}.Release|Any CPU.ActiveCfg = Release|Any CPU
		{5C206ACB-29A6-4405-8625-4175E6E45691}.Release|Any CPU.Build.0 = Release|Any CPU
	EndGlobalSection
	GlobalSection(SolutionProperties) = preSolution
		HideSolutionNode = FALSE
	EndGlobalSection
	GlobalSection(ExtensibilityGlobals) = postSolution
		SolutionGuid = {18B1C64B-ECE3-433F-98F3-EA95F78FAA01}
	EndGlobalSection
EndGlobal
